
Microsoft Visual Studio Solution File, Format Version 12.00
#
Project("{2150E333-8FDC-42A3-9474-1A3956D46DE8}") = "2020", "2020", "{E087754D-9CEA-4912-A28D-0622E999719D}"
EndProject
Project("{2150E333-8FDC-42A3-9474-1A3956D46DE8}") = "2021", "2021", "{AE57786F-4978-4209-A7CF-B876425B790F}"
EndProject
Project("{2150E333-8FDC-42A3-9474-1A3956D46DE8}") = "2022", "2022", "{1DCC94A5-666B-43D3-9F54-0E7C47E8F6BA}"
EndProject
Project("{2150E333-8FDC-42A3-9474-1A3956D46DE8}") = "2019", "2019", "{63FC43FE-5797-40EC-96A5-A3C4907C3591}"
EndProject
Project("{2150E333-8FDC-42A3-9474-1A3956D46DE8}") = "Solution Items", "Solution Items", "{76BFBFE4-2A8B-4C68-8FA8-1F8A01C0E0A0}"
	ProjectSection(SolutionItems) = preProject
		README.md = README.md
		.gitignore = .gitignore
	EndProjectSection
EndProject
Project("{FAE04EC0-301F-11D3-BF4B-00C04F79EFBC}") = "Day1", "src\2020\Day1\Day1.csproj", "{E55E2558-BF93-4622-B4FE-154043AD316A}"
EndProject
Project("{FAE04EC0-301F-11D3-BF4B-00C04F79EFBC}") = "Day2", "src\2020\Day2\Day2.csproj", "{8E87AAFA-644A-48AD-9048-64FD878EAC39}"
EndProject
Project("{FAE04EC0-301F-11D3-BF4B-00C04F79EFBC}") = "Day3", "src\2020\Day3\Day3.csproj", "{3CD9AE35-BB40-4DED-95EE-BEAC4FE686A0}"
EndProject
Project("{FAE04EC0-301F-11D3-BF4B-00C04F79EFBC}") = "Day4", "src\2020\Day4\Day4.csproj", "{2D735163-1E9A-41BA-AE74-6C28CBC02852}"
EndProject
Project("{FAE04EC0-301F-11D3-BF4B-00C04F79EFBC}") = "Day5", "src\2020\Day5\Day5.csproj", "{E84BEC1D-52CC-498A-BA4F-712A135B6042}"
EndProject
Project("{FAE04EC0-301F-11D3-BF4B-00C04F79EFBC}") = "Day6", "src\2020\Day6\Day6.csproj", "{8D26C4C5-D07D-420E-8289-B89535263D7C}"
EndProject
Project("{FAE04EC0-301F-11D3-BF4B-00C04F79EFBC}") = "Day7", "src\2020\Day7\Day7.csproj", "{52369287-89F1-4E5D-958C-345A9794EDAF}"
EndProject
Project("{FAE04EC0-301F-11D3-BF4B-00C04F79EFBC}") = "Day8", "src\2020\Day8\Day8.csproj", "{765B7736-7A9C-4C05-B83D-5AFE44E4EBCD}"
EndProject
Project("{FAE04EC0-301F-11D3-BF4B-00C04F79EFBC}") = "Day9", "src\2020\Day9\Day9.csproj", "{A34BAED1-CCBB-4649-8355-45A47C6BD28F}"
EndProject
Project("{FAE04EC0-301F-11D3-BF4B-00C04F79EFBC}") = "Day10", "src\2020\Day10\Day10.csproj", "{F05DE7ED-DCB3-401E-9075-7F443EBC397B}"
EndProject
Project("{FAE04EC0-301F-11D3-BF4B-00C04F79EFBC}") = "Day11", "src\2020\Day11\Day11.csproj", "{409DB2DE-754F-407E-9A54-BA7DB277765A}"
EndProject
Project("{FAE04EC0-301F-11D3-BF4B-00C04F79EFBC}") = "Day12", "src\2020\Day12\Day12.csproj", "{2F125B9F-39F0-4946-B641-A0A73EB377FB}"
EndProject
Project("{FAE04EC0-301F-11D3-BF4B-00C04F79EFBC}") = "Day13", "src\2020\Day13\Day13.csproj", "{815DAD82-8648-48F1-9D27-7EBFEC990F19}"
EndProject
Project("{FAE04EC0-301F-11D3-BF4B-00C04F79EFBC}") = "Day14", "src\2020\Day14\Day14.csproj", "{E5EC2003-A902-4FEF-8FD2-F28CD827E1EF}"
EndProject
Project("{FAE04EC0-301F-11D3-BF4B-00C04F79EFBC}") = "Day15", "src\2020\Day15\Day15.csproj", "{F9AB64F9-3484-4ACB-A37E-6535CEDA1108}"
EndProject
Project("{FAE04EC0-301F-11D3-BF4B-00C04F79EFBC}") = "Day16", "src\2020\Day16\Day16.csproj", "{EF0EA9E1-E8D7-4C41-9BDA-A6E2F894905A}"
EndProject
Project("{FAE04EC0-301F-11D3-BF4B-00C04F79EFBC}") = "Day1", "src\2021\Day1\Day1.csproj", "{E4FB38BA-E190-469D-B087-0BE4E2C68C50}"
EndProject
Project("{FAE04EC0-301F-11D3-BF4B-00C04F79EFBC}") = "Day2", "src\2021\Day2\Day2.csproj", "{93CE127A-294A-4173-956C-499F2610CBCB}"
EndProject
Project("{FAE04EC0-301F-11D3-BF4B-00C04F79EFBC}") = "Day3", "src\2021\Day3\Day3.csproj", "{2367148D-3F6C-43ED-95AB-12C09B2E233D}"
EndProject
Project("{FAE04EC0-301F-11D3-BF4B-00C04F79EFBC}") = "Day4", "src\2021\Day4\Day4.csproj", "{A490FE7A-1999-4FD2-93D4-A5EC2D66A843}"
EndProject
Project("{FAE04EC0-301F-11D3-BF4B-00C04F79EFBC}") = "Day5", "src\2021\Day5\Day5.csproj", "{4F599428-4A96-4077-A05F-F0451D19FFE9}"
EndProject
Project("{FAE04EC0-301F-11D3-BF4B-00C04F79EFBC}") = "Day6", "src\2021\Day6\Day6.csproj", "{4CD2B368-AE2E-4F8B-B573-7C6C567381C0}"
EndProject
Project("{FAE04EC0-301F-11D3-BF4B-00C04F79EFBC}") = "Day7", "src\2021\Day7\Day7.csproj", "{6DC7DB95-2BDE-410A-B797-0EB14A2B1848}"
EndProject
Project("{FAE04EC0-301F-11D3-BF4B-00C04F79EFBC}") = "Day9", "src\2021\Day9\Day9.csproj", "{41F70C96-EF13-48FC-AA02-2EF574C37587}"
EndProject
Project("{FAE04EC0-301F-11D3-BF4B-00C04F79EFBC}") = "Day10", "src\2021\Day10\Day10.csproj", "{12796864-724E-4E13-ADD4-E6A37DBC61DB}"
EndProject
Project("{FAE04EC0-301F-11D3-BF4B-00C04F79EFBC}") = "Day01", "src\2022\Day01\Day01.csproj", "{8FFE2493-2A7F-4A4F-ADD6-8C1488609BF0}"
EndProject
Project("{FAE04EC0-301F-11D3-BF4B-00C04F79EFBC}") = "Day02", "src\2022\Day02\Day02.csproj", "{6ED49E05-59BD-46D2-AB98-1ED02224B815}"
EndProject
Project("{FAE04EC0-301F-11D3-BF4B-00C04F79EFBC}") = "Day03", "src\2022\Day03\Day03.csproj", "{CA8D2FE1-B168-43AF-BE88-5DECE062C390}"
EndProject
Project("{FAE04EC0-301F-11D3-BF4B-00C04F79EFBC}") = "Day04", "src\2022\Day04\Day04.csproj", "{1633566E-B793-4C65-B7D4-77456E452A49}"
EndProject
Project("{FAE04EC0-301F-11D3-BF4B-00C04F79EFBC}") = "Day05", "src\2022\Day05\Day05.csproj", "{FBA5CDDD-8B66-465D-8E33-F464AE7A1CBC}"
EndProject
Project("{FAE04EC0-301F-11D3-BF4B-00C04F79EFBC}") = "Day06", "src\2022\Day06\Day06.csproj", "{AF6E8D75-ECBB-466D-8B89-D5C3D0B06122}"
EndProject
Project("{FAE04EC0-301F-11D3-BF4B-00C04F79EFBC}") = "Day07", "src\2022\Day07\Day07.csproj", "{E9AC42C0-DD6E-4488-8716-C89DB17A978B}"
EndProject
Project("{FAE04EC0-301F-11D3-BF4B-00C04F79EFBC}") = "Day08", "src\2022\Day08\Day08.csproj", "{D6935619-248D-4731-8234-3637C5CF7DA7}"
EndProject
Project("{FAE04EC0-301F-11D3-BF4B-00C04F79EFBC}") = "Day09", "src\2022\Day09\Day09.csproj", "{736F64E1-E83B-4FDB-AC37-74CEDFE715AF}"
EndProject
Project("{FAE04EC0-301F-11D3-BF4B-00C04F79EFBC}") = "Day10", "src\2022\Day10\Day10.csproj", "{E24BC522-A656-441F-8F89-4BDC088B9277}"
EndProject
Project("{FAE04EC0-301F-11D3-BF4B-00C04F79EFBC}") = "Day11", "src\2022\Day11\Day11.csproj", "{B1F1AFF4-045E-45BC-9453-4408ED01DCA2}"
EndProject
Project("{FAE04EC0-301F-11D3-BF4B-00C04F79EFBC}") = "AdventOfCode", "src\2019\AdventOfCode\AdventOfCode.csproj", "{1BA0DE53-EF82-400B-81B5-DFBB75A7B180}"
EndProject
Project("{2150E333-8FDC-42A3-9474-1A3956D46DE8}") = "2023", "2023", "{14F51C09-D532-4BB4-8710-AC4651D78FEF}"
EndProject
Project("{FAE04EC0-301F-11D3-BF4B-00C04F79EFBC}") = "Day01", "Day01\Day01.csproj", "{169ADFFC-1626-4ED5-90DE-7B0E44B12D77}"
EndProject
Project("{FAE04EC0-301F-11D3-BF4B-00C04F79EFBC}") = "Day02", "Day02\Day02.csproj", "{937BEDFE-6AC3-4B90-A60B-B7822023FB89}"
EndProject
Project("{FAE04EC0-301F-11D3-BF4B-00C04F79EFBC}") = "Day03", "src\2023\Day03\Day03.csproj", "{BF69952F-7E22-4931-8B19-24517D10DCD3}"
EndProject
Project("{FAE04EC0-301F-11D3-BF4B-00C04F79EFBC}") = "Day04", "src\2023\Day04\Day04.csproj", "{2E5255A9-1968-4604-8A62-596F0281BFFD}"
EndProject
Project("{FAE04EC0-301F-11D3-BF4B-00C04F79EFBC}") = "Day05", "src\2023\Day05\Day05.csproj", "{4BFB13E1-EA7F-4D99-A9A7-6DB096FBDDED}"
EndProject
Global
	GlobalSection(SolutionConfigurationPlatforms) = preSolution
		Debug|Any CPU = Debug|Any CPU
		Release|Any CPU = Release|Any CPU
	EndGlobalSection
	GlobalSection(ProjectConfigurationPlatforms) = postSolution
		{E55E2558-BF93-4622-B4FE-154043AD316A}.Debug|Any CPU.ActiveCfg = Debug|Any CPU
		{E55E2558-BF93-4622-B4FE-154043AD316A}.Debug|Any CPU.Build.0 = Debug|Any CPU
		{E55E2558-BF93-4622-B4FE-154043AD316A}.Release|Any CPU.ActiveCfg = Release|Any CPU
		{E55E2558-BF93-4622-B4FE-154043AD316A}.Release|Any CPU.Build.0 = Release|Any CPU
		{8E87AAFA-644A-48AD-9048-64FD878EAC39}.Debug|Any CPU.ActiveCfg = Debug|Any CPU
		{8E87AAFA-644A-48AD-9048-64FD878EAC39}.Debug|Any CPU.Build.0 = Debug|Any CPU
		{8E87AAFA-644A-48AD-9048-64FD878EAC39}.Release|Any CPU.ActiveCfg = Release|Any CPU
		{8E87AAFA-644A-48AD-9048-64FD878EAC39}.Release|Any CPU.Build.0 = Release|Any CPU
		{3CD9AE35-BB40-4DED-95EE-BEAC4FE686A0}.Debug|Any CPU.ActiveCfg = Debug|Any CPU
		{3CD9AE35-BB40-4DED-95EE-BEAC4FE686A0}.Debug|Any CPU.Build.0 = Debug|Any CPU
		{3CD9AE35-BB40-4DED-95EE-BEAC4FE686A0}.Release|Any CPU.ActiveCfg = Release|Any CPU
		{3CD9AE35-BB40-4DED-95EE-BEAC4FE686A0}.Release|Any CPU.Build.0 = Release|Any CPU
		{2D735163-1E9A-41BA-AE74-6C28CBC02852}.Debug|Any CPU.ActiveCfg = Debug|Any CPU
		{2D735163-1E9A-41BA-AE74-6C28CBC02852}.Debug|Any CPU.Build.0 = Debug|Any CPU
		{2D735163-1E9A-41BA-AE74-6C28CBC02852}.Release|Any CPU.ActiveCfg = Release|Any CPU
		{2D735163-1E9A-41BA-AE74-6C28CBC02852}.Release|Any CPU.Build.0 = Release|Any CPU
		{E84BEC1D-52CC-498A-BA4F-712A135B6042}.Debug|Any CPU.ActiveCfg = Debug|Any CPU
		{E84BEC1D-52CC-498A-BA4F-712A135B6042}.Debug|Any CPU.Build.0 = Debug|Any CPU
		{E84BEC1D-52CC-498A-BA4F-712A135B6042}.Release|Any CPU.ActiveCfg = Release|Any CPU
		{E84BEC1D-52CC-498A-BA4F-712A135B6042}.Release|Any CPU.Build.0 = Release|Any CPU
		{8D26C4C5-D07D-420E-8289-B89535263D7C}.Debug|Any CPU.ActiveCfg = Debug|Any CPU
		{8D26C4C5-D07D-420E-8289-B89535263D7C}.Debug|Any CPU.Build.0 = Debug|Any CPU
		{8D26C4C5-D07D-420E-8289-B89535263D7C}.Release|Any CPU.ActiveCfg = Release|Any CPU
		{8D26C4C5-D07D-420E-8289-B89535263D7C}.Release|Any CPU.Build.0 = Release|Any CPU
		{52369287-89F1-4E5D-958C-345A9794EDAF}.Debug|Any CPU.ActiveCfg = Debug|Any CPU
		{52369287-89F1-4E5D-958C-345A9794EDAF}.Debug|Any CPU.Build.0 = Debug|Any CPU
		{52369287-89F1-4E5D-958C-345A9794EDAF}.Release|Any CPU.ActiveCfg = Release|Any CPU
		{52369287-89F1-4E5D-958C-345A9794EDAF}.Release|Any CPU.Build.0 = Release|Any CPU
		{765B7736-7A9C-4C05-B83D-5AFE44E4EBCD}.Debug|Any CPU.ActiveCfg = Debug|Any CPU
		{765B7736-7A9C-4C05-B83D-5AFE44E4EBCD}.Debug|Any CPU.Build.0 = Debug|Any CPU
		{765B7736-7A9C-4C05-B83D-5AFE44E4EBCD}.Release|Any CPU.ActiveCfg = Release|Any CPU
		{765B7736-7A9C-4C05-B83D-5AFE44E4EBCD}.Release|Any CPU.Build.0 = Release|Any CPU
		{A34BAED1-CCBB-4649-8355-45A47C6BD28F}.Debug|Any CPU.ActiveCfg = Debug|Any CPU
		{A34BAED1-CCBB-4649-8355-45A47C6BD28F}.Debug|Any CPU.Build.0 = Debug|Any CPU
		{A34BAED1-CCBB-4649-8355-45A47C6BD28F}.Release|Any CPU.ActiveCfg = Release|Any CPU
		{A34BAED1-CCBB-4649-8355-45A47C6BD28F}.Release|Any CPU.Build.0 = Release|Any CPU
		{F05DE7ED-DCB3-401E-9075-7F443EBC397B}.Debug|Any CPU.ActiveCfg = Debug|Any CPU
		{F05DE7ED-DCB3-401E-9075-7F443EBC397B}.Debug|Any CPU.Build.0 = Debug|Any CPU
		{F05DE7ED-DCB3-401E-9075-7F443EBC397B}.Release|Any CPU.ActiveCfg = Release|Any CPU
		{F05DE7ED-DCB3-401E-9075-7F443EBC397B}.Release|Any CPU.Build.0 = Release|Any CPU
		{409DB2DE-754F-407E-9A54-BA7DB277765A}.Debug|Any CPU.ActiveCfg = Debug|Any CPU
		{409DB2DE-754F-407E-9A54-BA7DB277765A}.Debug|Any CPU.Build.0 = Debug|Any CPU
		{409DB2DE-754F-407E-9A54-BA7DB277765A}.Release|Any CPU.ActiveCfg = Release|Any CPU
		{409DB2DE-754F-407E-9A54-BA7DB277765A}.Release|Any CPU.Build.0 = Release|Any CPU
		{2F125B9F-39F0-4946-B641-A0A73EB377FB}.Debug|Any CPU.ActiveCfg = Debug|Any CPU
		{2F125B9F-39F0-4946-B641-A0A73EB377FB}.Debug|Any CPU.Build.0 = Debug|Any CPU
		{2F125B9F-39F0-4946-B641-A0A73EB377FB}.Release|Any CPU.ActiveCfg = Release|Any CPU
		{2F125B9F-39F0-4946-B641-A0A73EB377FB}.Release|Any CPU.Build.0 = Release|Any CPU
		{815DAD82-8648-48F1-9D27-7EBFEC990F19}.Debug|Any CPU.ActiveCfg = Debug|Any CPU
		{815DAD82-8648-48F1-9D27-7EBFEC990F19}.Debug|Any CPU.Build.0 = Debug|Any CPU
		{815DAD82-8648-48F1-9D27-7EBFEC990F19}.Release|Any CPU.ActiveCfg = Release|Any CPU
		{815DAD82-8648-48F1-9D27-7EBFEC990F19}.Release|Any CPU.Build.0 = Release|Any CPU
		{E5EC2003-A902-4FEF-8FD2-F28CD827E1EF}.Debug|Any CPU.ActiveCfg = Debug|Any CPU
		{E5EC2003-A902-4FEF-8FD2-F28CD827E1EF}.Debug|Any CPU.Build.0 = Debug|Any CPU
		{E5EC2003-A902-4FEF-8FD2-F28CD827E1EF}.Release|Any CPU.ActiveCfg = Release|Any CPU
		{E5EC2003-A902-4FEF-8FD2-F28CD827E1EF}.Release|Any CPU.Build.0 = Release|Any CPU
		{F9AB64F9-3484-4ACB-A37E-6535CEDA1108}.Debug|Any CPU.ActiveCfg = Debug|Any CPU
		{F9AB64F9-3484-4ACB-A37E-6535CEDA1108}.Debug|Any CPU.Build.0 = Debug|Any CPU
		{F9AB64F9-3484-4ACB-A37E-6535CEDA1108}.Release|Any CPU.ActiveCfg = Release|Any CPU
		{F9AB64F9-3484-4ACB-A37E-6535CEDA1108}.Release|Any CPU.Build.0 = Release|Any CPU
		{EF0EA9E1-E8D7-4C41-9BDA-A6E2F894905A}.Debug|Any CPU.ActiveCfg = Debug|Any CPU
		{EF0EA9E1-E8D7-4C41-9BDA-A6E2F894905A}.Debug|Any CPU.Build.0 = Debug|Any CPU
		{EF0EA9E1-E8D7-4C41-9BDA-A6E2F894905A}.Release|Any CPU.ActiveCfg = Release|Any CPU
		{EF0EA9E1-E8D7-4C41-9BDA-A6E2F894905A}.Release|Any CPU.Build.0 = Release|Any CPU
		{E4FB38BA-E190-469D-B087-0BE4E2C68C50}.Debug|Any CPU.ActiveCfg = Debug|Any CPU
		{E4FB38BA-E190-469D-B087-0BE4E2C68C50}.Debug|Any CPU.Build.0 = Debug|Any CPU
		{E4FB38BA-E190-469D-B087-0BE4E2C68C50}.Release|Any CPU.ActiveCfg = Release|Any CPU
		{E4FB38BA-E190-469D-B087-0BE4E2C68C50}.Release|Any CPU.Build.0 = Release|Any CPU
		{93CE127A-294A-4173-956C-499F2610CBCB}.Debug|Any CPU.ActiveCfg = Debug|Any CPU
		{93CE127A-294A-4173-956C-499F2610CBCB}.Debug|Any CPU.Build.0 = Debug|Any CPU
		{93CE127A-294A-4173-956C-499F2610CBCB}.Release|Any CPU.ActiveCfg = Release|Any CPU
		{93CE127A-294A-4173-956C-499F2610CBCB}.Release|Any CPU.Build.0 = Release|Any CPU
		{2367148D-3F6C-43ED-95AB-12C09B2E233D}.Debug|Any CPU.ActiveCfg = Debug|Any CPU
		{2367148D-3F6C-43ED-95AB-12C09B2E233D}.Debug|Any CPU.Build.0 = Debug|Any CPU
		{2367148D-3F6C-43ED-95AB-12C09B2E233D}.Release|Any CPU.ActiveCfg = Release|Any CPU
		{2367148D-3F6C-43ED-95AB-12C09B2E233D}.Release|Any CPU.Build.0 = Release|Any CPU
		{A490FE7A-1999-4FD2-93D4-A5EC2D66A843}.Debug|Any CPU.ActiveCfg = Debug|Any CPU
		{A490FE7A-1999-4FD2-93D4-A5EC2D66A843}.Debug|Any CPU.Build.0 = Debug|Any CPU
		{A490FE7A-1999-4FD2-93D4-A5EC2D66A843}.Release|Any CPU.ActiveCfg = Release|Any CPU
		{A490FE7A-1999-4FD2-93D4-A5EC2D66A843}.Release|Any CPU.Build.0 = Release|Any CPU
		{4F599428-4A96-4077-A05F-F0451D19FFE9}.Debug|Any CPU.ActiveCfg = Debug|Any CPU
		{4F599428-4A96-4077-A05F-F0451D19FFE9}.Debug|Any CPU.Build.0 = Debug|Any CPU
		{4F599428-4A96-4077-A05F-F0451D19FFE9}.Release|Any CPU.ActiveCfg = Release|Any CPU
		{4F599428-4A96-4077-A05F-F0451D19FFE9}.Release|Any CPU.Build.0 = Release|Any CPU
		{4CD2B368-AE2E-4F8B-B573-7C6C567381C0}.Debug|Any CPU.ActiveCfg = Debug|Any CPU
		{4CD2B368-AE2E-4F8B-B573-7C6C567381C0}.Debug|Any CPU.Build.0 = Debug|Any CPU
		{4CD2B368-AE2E-4F8B-B573-7C6C567381C0}.Release|Any CPU.ActiveCfg = Release|Any CPU
		{4CD2B368-AE2E-4F8B-B573-7C6C567381C0}.Release|Any CPU.Build.0 = Release|Any CPU
		{6DC7DB95-2BDE-410A-B797-0EB14A2B1848}.Debug|Any CPU.ActiveCfg = Debug|Any CPU
		{6DC7DB95-2BDE-410A-B797-0EB14A2B1848}.Debug|Any CPU.Build.0 = Debug|Any CPU
		{6DC7DB95-2BDE-410A-B797-0EB14A2B1848}.Release|Any CPU.ActiveCfg = Release|Any CPU
		{6DC7DB95-2BDE-410A-B797-0EB14A2B1848}.Release|Any CPU.Build.0 = Release|Any CPU
		{41F70C96-EF13-48FC-AA02-2EF574C37587}.Debug|Any CPU.ActiveCfg = Debug|Any CPU
		{41F70C96-EF13-48FC-AA02-2EF574C37587}.Debug|Any CPU.Build.0 = Debug|Any CPU
		{41F70C96-EF13-48FC-AA02-2EF574C37587}.Release|Any CPU.ActiveCfg = Release|Any CPU
		{41F70C96-EF13-48FC-AA02-2EF574C37587}.Release|Any CPU.Build.0 = Release|Any CPU
		{12796864-724E-4E13-ADD4-E6A37DBC61DB}.Debug|Any CPU.ActiveCfg = Debug|Any CPU
		{12796864-724E-4E13-ADD4-E6A37DBC61DB}.Debug|Any CPU.Build.0 = Debug|Any CPU
		{12796864-724E-4E13-ADD4-E6A37DBC61DB}.Release|Any CPU.ActiveCfg = Release|Any CPU
		{12796864-724E-4E13-ADD4-E6A37DBC61DB}.Release|Any CPU.Build.0 = Release|Any CPU
		{8FFE2493-2A7F-4A4F-ADD6-8C1488609BF0}.Debug|Any CPU.ActiveCfg = Debug|Any CPU
		{8FFE2493-2A7F-4A4F-ADD6-8C1488609BF0}.Debug|Any CPU.Build.0 = Debug|Any CPU
		{8FFE2493-2A7F-4A4F-ADD6-8C1488609BF0}.Release|Any CPU.ActiveCfg = Release|Any CPU
		{8FFE2493-2A7F-4A4F-ADD6-8C1488609BF0}.Release|Any CPU.Build.0 = Release|Any CPU
		{6ED49E05-59BD-46D2-AB98-1ED02224B815}.Debug|Any CPU.ActiveCfg = Debug|Any CPU
		{6ED49E05-59BD-46D2-AB98-1ED02224B815}.Debug|Any CPU.Build.0 = Debug|Any CPU
		{6ED49E05-59BD-46D2-AB98-1ED02224B815}.Release|Any CPU.ActiveCfg = Release|Any CPU
		{6ED49E05-59BD-46D2-AB98-1ED02224B815}.Release|Any CPU.Build.0 = Release|Any CPU
		{CA8D2FE1-B168-43AF-BE88-5DECE062C390}.Debug|Any CPU.ActiveCfg = Debug|Any CPU
		{CA8D2FE1-B168-43AF-BE88-5DECE062C390}.Debug|Any CPU.Build.0 = Debug|Any CPU
		{CA8D2FE1-B168-43AF-BE88-5DECE062C390}.Release|Any CPU.ActiveCfg = Release|Any CPU
		{CA8D2FE1-B168-43AF-BE88-5DECE062C390}.Release|Any CPU.Build.0 = Release|Any CPU
		{1633566E-B793-4C65-B7D4-77456E452A49}.Debug|Any CPU.ActiveCfg = Debug|Any CPU
		{1633566E-B793-4C65-B7D4-77456E452A49}.Debug|Any CPU.Build.0 = Debug|Any CPU
		{1633566E-B793-4C65-B7D4-77456E452A49}.Release|Any CPU.ActiveCfg = Release|Any CPU
		{1633566E-B793-4C65-B7D4-77456E452A49}.Release|Any CPU.Build.0 = Release|Any CPU
		{FBA5CDDD-8B66-465D-8E33-F464AE7A1CBC}.Debug|Any CPU.ActiveCfg = Debug|Any CPU
		{FBA5CDDD-8B66-465D-8E33-F464AE7A1CBC}.Debug|Any CPU.Build.0 = Debug|Any CPU
		{FBA5CDDD-8B66-465D-8E33-F464AE7A1CBC}.Release|Any CPU.ActiveCfg = Release|Any CPU
		{FBA5CDDD-8B66-465D-8E33-F464AE7A1CBC}.Release|Any CPU.Build.0 = Release|Any CPU
		{AF6E8D75-ECBB-466D-8B89-D5C3D0B06122}.Debug|Any CPU.ActiveCfg = Debug|Any CPU
		{AF6E8D75-ECBB-466D-8B89-D5C3D0B06122}.Debug|Any CPU.Build.0 = Debug|Any CPU
		{AF6E8D75-ECBB-466D-8B89-D5C3D0B06122}.Release|Any CPU.ActiveCfg = Release|Any CPU
		{AF6E8D75-ECBB-466D-8B89-D5C3D0B06122}.Release|Any CPU.Build.0 = Release|Any CPU
		{E9AC42C0-DD6E-4488-8716-C89DB17A978B}.Debug|Any CPU.ActiveCfg = Debug|Any CPU
		{E9AC42C0-DD6E-4488-8716-C89DB17A978B}.Debug|Any CPU.Build.0 = Debug|Any CPU
		{E9AC42C0-DD6E-4488-8716-C89DB17A978B}.Release|Any CPU.ActiveCfg = Release|Any CPU
		{E9AC42C0-DD6E-4488-8716-C89DB17A978B}.Release|Any CPU.Build.0 = Release|Any CPU
		{D6935619-248D-4731-8234-3637C5CF7DA7}.Debug|Any CPU.ActiveCfg = Debug|Any CPU
		{D6935619-248D-4731-8234-3637C5CF7DA7}.Debug|Any CPU.Build.0 = Debug|Any CPU
		{D6935619-248D-4731-8234-3637C5CF7DA7}.Release|Any CPU.ActiveCfg = Release|Any CPU
		{D6935619-248D-4731-8234-3637C5CF7DA7}.Release|Any CPU.Build.0 = Release|Any CPU
		{736F64E1-E83B-4FDB-AC37-74CEDFE715AF}.Debug|Any CPU.ActiveCfg = Debug|Any CPU
		{736F64E1-E83B-4FDB-AC37-74CEDFE715AF}.Debug|Any CPU.Build.0 = Debug|Any CPU
		{736F64E1-E83B-4FDB-AC37-74CEDFE715AF}.Release|Any CPU.ActiveCfg = Release|Any CPU
		{736F64E1-E83B-4FDB-AC37-74CEDFE715AF}.Release|Any CPU.Build.0 = Release|Any CPU
		{E24BC522-A656-441F-8F89-4BDC088B9277}.Debug|Any CPU.ActiveCfg = Debug|Any CPU
		{E24BC522-A656-441F-8F89-4BDC088B9277}.Debug|Any CPU.Build.0 = Debug|Any CPU
		{E24BC522-A656-441F-8F89-4BDC088B9277}.Release|Any CPU.ActiveCfg = Release|Any CPU
		{E24BC522-A656-441F-8F89-4BDC088B9277}.Release|Any CPU.Build.0 = Release|Any CPU
		{B1F1AFF4-045E-45BC-9453-4408ED01DCA2}.Debug|Any CPU.ActiveCfg = Debug|Any CPU
		{B1F1AFF4-045E-45BC-9453-4408ED01DCA2}.Debug|Any CPU.Build.0 = Debug|Any CPU
		{B1F1AFF4-045E-45BC-9453-4408ED01DCA2}.Release|Any CPU.ActiveCfg = Release|Any CPU
		{B1F1AFF4-045E-45BC-9453-4408ED01DCA2}.Release|Any CPU.Build.0 = Release|Any CPU
		{1BA0DE53-EF82-400B-81B5-DFBB75A7B180}.Debug|Any CPU.ActiveCfg = Debug|Any CPU
		{1BA0DE53-EF82-400B-81B5-DFBB75A7B180}.Debug|Any CPU.Build.0 = Debug|Any CPU
		{1BA0DE53-EF82-400B-81B5-DFBB75A7B180}.Release|Any CPU.ActiveCfg = Release|Any CPU
		{1BA0DE53-EF82-400B-81B5-DFBB75A7B180}.Release|Any CPU.Build.0 = Release|Any CPU
		{169ADFFC-1626-4ED5-90DE-7B0E44B12D77}.Debug|Any CPU.ActiveCfg = Debug|Any CPU
		{169ADFFC-1626-4ED5-90DE-7B0E44B12D77}.Debug|Any CPU.Build.0 = Debug|Any CPU
		{169ADFFC-1626-4ED5-90DE-7B0E44B12D77}.Release|Any CPU.ActiveCfg = Release|Any CPU
		{169ADFFC-1626-4ED5-90DE-7B0E44B12D77}.Release|Any CPU.Build.0 = Release|Any CPU
		{937BEDFE-6AC3-4B90-A60B-B7822023FB89}.Debug|Any CPU.ActiveCfg = Debug|Any CPU
		{937BEDFE-6AC3-4B90-A60B-B7822023FB89}.Debug|Any CPU.Build.0 = Debug|Any CPU
		{937BEDFE-6AC3-4B90-A60B-B7822023FB89}.Release|Any CPU.ActiveCfg = Release|Any CPU
		{937BEDFE-6AC3-4B90-A60B-B7822023FB89}.Release|Any CPU.Build.0 = Release|Any CPU
		{BF69952F-7E22-4931-8B19-24517D10DCD3}.Debug|Any CPU.ActiveCfg = Debug|Any CPU
		{BF69952F-7E22-4931-8B19-24517D10DCD3}.Debug|Any CPU.Build.0 = Debug|Any CPU
		{BF69952F-7E22-4931-8B19-24517D10DCD3}.Release|Any CPU.ActiveCfg = Release|Any CPU
		{BF69952F-7E22-4931-8B19-24517D10DCD3}.Release|Any CPU.Build.0 = Release|Any CPU
		{2E5255A9-1968-4604-8A62-596F0281BFFD}.Debug|Any CPU.ActiveCfg = Debug|Any CPU
		{2E5255A9-1968-4604-8A62-596F0281BFFD}.Debug|Any CPU.Build.0 = Debug|Any CPU
		{2E5255A9-1968-4604-8A62-596F0281BFFD}.Release|Any CPU.ActiveCfg = Release|Any CPU
		{2E5255A9-1968-4604-8A62-596F0281BFFD}.Release|Any CPU.Build.0 = Release|Any CPU
		{4BFB13E1-EA7F-4D99-A9A7-6DB096FBDDED}.Debug|Any CPU.ActiveCfg = Debug|Any CPU
		{4BFB13E1-EA7F-4D99-A9A7-6DB096FBDDED}.Debug|Any CPU.Build.0 = Debug|Any CPU
		{4BFB13E1-EA7F-4D99-A9A7-6DB096FBDDED}.Release|Any CPU.ActiveCfg = Release|Any CPU
		{4BFB13E1-EA7F-4D99-A9A7-6DB096FBDDED}.Release|Any CPU.Build.0 = Release|Any CPU
	EndGlobalSection
	GlobalSection(NestedProjects) = preSolution
		{E55E2558-BF93-4622-B4FE-154043AD316A} = {E087754D-9CEA-4912-A28D-0622E999719D}
		{8E87AAFA-644A-48AD-9048-64FD878EAC39} = {E087754D-9CEA-4912-A28D-0622E999719D}
		{3CD9AE35-BB40-4DED-95EE-BEAC4FE686A0} = {E087754D-9CEA-4912-A28D-0622E999719D}
		{2D735163-1E9A-41BA-AE74-6C28CBC02852} = {E087754D-9CEA-4912-A28D-0622E999719D}
		{E84BEC1D-52CC-498A-BA4F-712A135B6042} = {E087754D-9CEA-4912-A28D-0622E999719D}
		{8D26C4C5-D07D-420E-8289-B89535263D7C} = {E087754D-9CEA-4912-A28D-0622E999719D}
		{52369287-89F1-4E5D-958C-345A9794EDAF} = {E087754D-9CEA-4912-A28D-0622E999719D}
		{765B7736-7A9C-4C05-B83D-5AFE44E4EBCD} = {E087754D-9CEA-4912-A28D-0622E999719D}
		{A34BAED1-CCBB-4649-8355-45A47C6BD28F} = {E087754D-9CEA-4912-A28D-0622E999719D}
		{F05DE7ED-DCB3-401E-9075-7F443EBC397B} = {E087754D-9CEA-4912-A28D-0622E999719D}
		{409DB2DE-754F-407E-9A54-BA7DB277765A} = {E087754D-9CEA-4912-A28D-0622E999719D}
		{2F125B9F-39F0-4946-B641-A0A73EB377FB} = {E087754D-9CEA-4912-A28D-0622E999719D}
		{815DAD82-8648-48F1-9D27-7EBFEC990F19} = {E087754D-9CEA-4912-A28D-0622E999719D}
		{E5EC2003-A902-4FEF-8FD2-F28CD827E1EF} = {E087754D-9CEA-4912-A28D-0622E999719D}
		{F9AB64F9-3484-4ACB-A37E-6535CEDA1108} = {E087754D-9CEA-4912-A28D-0622E999719D}
		{EF0EA9E1-E8D7-4C41-9BDA-A6E2F894905A} = {E087754D-9CEA-4912-A28D-0622E999719D}
		{E4FB38BA-E190-469D-B087-0BE4E2C68C50} = {AE57786F-4978-4209-A7CF-B876425B790F}
		{93CE127A-294A-4173-956C-499F2610CBCB} = {AE57786F-4978-4209-A7CF-B876425B790F}
		{2367148D-3F6C-43ED-95AB-12C09B2E233D} = {AE57786F-4978-4209-A7CF-B876425B790F}
		{A490FE7A-1999-4FD2-93D4-A5EC2D66A843} = {AE57786F-4978-4209-A7CF-B876425B790F}
		{4F599428-4A96-4077-A05F-F0451D19FFE9} = {AE57786F-4978-4209-A7CF-B876425B790F}
		{4CD2B368-AE2E-4F8B-B573-7C6C567381C0} = {AE57786F-4978-4209-A7CF-B876425B790F}
		{6DC7DB95-2BDE-410A-B797-0EB14A2B1848} = {AE57786F-4978-4209-A7CF-B876425B790F}
		{41F70C96-EF13-48FC-AA02-2EF574C37587} = {AE57786F-4978-4209-A7CF-B876425B790F}
		{12796864-724E-4E13-ADD4-E6A37DBC61DB} = {AE57786F-4978-4209-A7CF-B876425B790F}
		{8FFE2493-2A7F-4A4F-ADD6-8C1488609BF0} = {1DCC94A5-666B-43D3-9F54-0E7C47E8F6BA}
		{6ED49E05-59BD-46D2-AB98-1ED02224B815} = {1DCC94A5-666B-43D3-9F54-0E7C47E8F6BA}
		{CA8D2FE1-B168-43AF-BE88-5DECE062C390} = {1DCC94A5-666B-43D3-9F54-0E7C47E8F6BA}
		{1633566E-B793-4C65-B7D4-77456E452A49} = {1DCC94A5-666B-43D3-9F54-0E7C47E8F6BA}
		{FBA5CDDD-8B66-465D-8E33-F464AE7A1CBC} = {1DCC94A5-666B-43D3-9F54-0E7C47E8F6BA}
		{AF6E8D75-ECBB-466D-8B89-D5C3D0B06122} = {1DCC94A5-666B-43D3-9F54-0E7C47E8F6BA}
		{E9AC42C0-DD6E-4488-8716-C89DB17A978B} = {1DCC94A5-666B-43D3-9F54-0E7C47E8F6BA}
		{D6935619-248D-4731-8234-3637C5CF7DA7} = {1DCC94A5-666B-43D3-9F54-0E7C47E8F6BA}
		{736F64E1-E83B-4FDB-AC37-74CEDFE715AF} = {1DCC94A5-666B-43D3-9F54-0E7C47E8F6BA}
		{E24BC522-A656-441F-8F89-4BDC088B9277} = {1DCC94A5-666B-43D3-9F54-0E7C47E8F6BA}
		{B1F1AFF4-045E-45BC-9453-4408ED01DCA2} = {1DCC94A5-666B-43D3-9F54-0E7C47E8F6BA}
		{1BA0DE53-EF82-400B-81B5-DFBB75A7B180} = {63FC43FE-5797-40EC-96A5-A3C4907C3591}
		{169ADFFC-1626-4ED5-90DE-7B0E44B12D77} = {14F51C09-D532-4BB4-8710-AC4651D78FEF}
		{937BEDFE-6AC3-4B90-A60B-B7822023FB89} = {14F51C09-D532-4BB4-8710-AC4651D78FEF}
		{BF69952F-7E22-4931-8B19-24517D10DCD3} = {14F51C09-D532-4BB4-8710-AC4651D78FEF}
		{2E5255A9-1968-4604-8A62-596F0281BFFD} = {14F51C09-D532-4BB4-8710-AC4651D78FEF}
		{4BFB13E1-EA7F-4D99-A9A7-6DB096FBDDED} = {14F51C09-D532-4BB4-8710-AC4651D78FEF}
	EndGlobalSection
EndGlobal
